
Microsoft Visual Studio Solution File, Format Version 12.00
# Visual Studio 15
VisualStudioVersion = 15.0.27703.2047
MinimumVisualStudioVersion = 10.0.40219.1
Project("{8BC9CEB8-8B4A-11D0-8D11-00A0C91BC942}") = "mathlibary", "mathlibary\mathlibary.vcxproj", "{32AB8061-3B8E-44BD-8CCA-EC0BD0F83EBC}"
EndProject
Project("{8BC9CEB8-8B4A-11D0-8D11-00A0C91BC942}") = "UnitTest", "UnitTest\UnitTest.vcxproj", "{F4B1E540-524E-490E-876E-513741697EEA}"
	ProjectSection(ProjectDependencies) = postProject
		{32AB8061-3B8E-44BD-8CCA-EC0BD0F83EBC} = {32AB8061-3B8E-44BD-8CCA-EC0BD0F83EBC}
	EndProjectSection
EndProject
Project("{8BC9CEB8-8B4A-11D0-8D11-00A0C91BC942}") = "RaylibTesting", "RaylibTesting\RaylibTesting.vcxproj", "{75A2CDD0-91D3-400F-B423-70EE4253BD15}"
EndProject
Global
	GlobalSection(SolutionConfigurationPlatforms) = preSolution
		Debug|x64 = Debug|x64
		Debug|x86 = Debug|x86
		Release|x64 = Release|x64
		Release|x86 = Release|x86
	EndGlobalSection
	GlobalSection(ProjectConfigurationPlatforms) = postSolution
		{32AB8061-3B8E-44BD-8CCA-EC0BD0F83EBC}.Debug|x64.ActiveCfg = Debug|x64
		{32AB8061-3B8E-44BD-8CCA-EC0BD0F83EBC}.Debug|x64.Build.0 = Debug|x64
		{32AB8061-3B8E-44BD-8CCA-EC0BD0F83EBC}.Debug|x86.ActiveCfg = Debug|Win32
		{32AB8061-3B8E-44BD-8CCA-EC0BD0F83EBC}.Debug|x86.Build.0 = Debug|Win32
		{32AB8061-3B8E-44BD-8CCA-EC0BD0F83EBC}.Release|x64.ActiveCfg = Release|x64
		{32AB8061-3B8E-44BD-8CCA-EC0BD0F83EBC}.Release|x64.Build.0 = Release|x64
		{32AB8061-3B8E-44BD-8CCA-EC0BD0F83EBC}.Release|x86.ActiveCfg = Release|Win32
		{32AB8061-3B8E-44BD-8CCA-EC0BD0F83EBC}.Release|x86.Build.0 = Release|Win32
		{F4B1E540-524E-490E-876E-513741697EEA}.Debug|x64.ActiveCfg = Debug|x64
		{F4B1E540-524E-490E-876E-513741697EEA}.Debug|x64.Build.0 = Debug|x64
		{F4B1E540-524E-490E-876E-513741697EEA}.Debug|x86.ActiveCfg = Debug|Win32
		{F4B1E540-524E-490E-876E-513741697EEA}.Debug|x86.Build.0 = Debug|Win32
		{F4B1E540-524E-490E-876E-513741697EEA}.Release|x64.ActiveCfg = Release|x64
		{F4B1E540-524E-490E-876E-513741697EEA}.Release|x64.Build.0 = Release|x64
		{F4B1E540-524E-490E-876E-513741697EEA}.Release|x86.ActiveCfg = Release|Win32
		{F4B1E540-524E-490E-876E-513741697EEA}.Release|x86.Build.0 = Release|Win32
		{75A2CDD0-91D3-400F-B423-70EE4253BD15}.Debug|x64.ActiveCfg = Debug|x64
		{75A2CDD0-91D3-400F-B423-70EE4253BD15}.Debug|x64.Build.0 = Debug|x64
		{75A2CDD0-91D3-400F-B423-70EE4253BD15}.Debug|x86.ActiveCfg = Debug|Win32
		{75A2CDD0-91D3-400F-B423-70EE4253BD15}.Debug|x86.Build.0 = Debug|Win32
		{75A2CDD0-91D3-400F-B423-70EE4253BD15}.Release|x64.ActiveCfg = Release|x64
		{75A2CDD0-91D3-400F-B423-70EE4253BD15}.Release|x64.Build.0 = Release|x64
		{75A2CDD0-91D3-400F-B423-70EE4253BD15}.Release|x86.ActiveCfg = Release|Win32
		{75A2CDD0-91D3-400F-B423-70EE4253BD15}.Release|x86.Build.0 = Release|Win32
	EndGlobalSection
	GlobalSection(SolutionProperties) = preSolution
		HideSolutionNode = FALSE
	EndGlobalSection
	GlobalSection(ExtensibilityGlobals) = postSolution
		SolutionGuid = {F42F28AD-8D17-4871-B431-883CA9B9D7CE}
	EndGlobalSection
EndGlobal
